hash: 84c62adfd847b8cf4f966e5653389b878d3f008113124dd4d0bcba984cb455de
updated: 2018-11-18T13:48:53.945315+08:00
imports:
- name: github.com/facebookgo/clock
  version: 600d898af40aa09a7a93ecb9265d87b0504b6f03
- name: github.com/facebookgo/grace
  version: 75cf19382434e82df4dd84953f566b8ad23d6e9e
  subpackages:
  - gracehttp
  - gracenet
- name: github.com/facebookgo/httpdown
  version: 5979d39b15c26299dc282711b0d65b113daccea6
- name: github.com/facebookgo/stats
  version: 1b76add642e42c6ffba7211ad7b3939ce654526e
- name: github.com/silsuer/bingo-events
  version: b6f7fa7605ae6df8a439ec52f16580760ee5927a
- name: github.com/silsuer/bingo-log
  version: 57f01791ee6803aedd920c1465cac9e35f6115db
- name: github.com/silsuer/bingo-orm
  version: 4049d666f1d0d745fdbb71387d18d0c1aafad038
- name: github.com/silsuer/bingo-router
  version: 9e426f7f937a189434376afa467eb58050589908
- name: github.com/toolkits/net
  version: 3f39ab6fe3cec98207da42dab32703b498ed92e4
- name: github.com/urfave/cli
  version: cfb38830724cc34fedffe9a2a29fb54fa9169cd1
testImports: []
