hash: 130b0c80dacac1117b7c9ff89735f6189eafc8da2a75eaf7c4feb0cebdcff548
updated: 2018-11-16T12:29:18.035919207+08:00
imports:
- name: github.com/silsuer/bingo-events
  version: b6f7fa7605ae6df8a439ec52f16580760ee5927a
- name: github.com/silsuer/bingo-log
  version: 57f01791ee6803aedd920c1465cac9e35f6115db
- name: github.com/silsuer/bingo-orm
  version: 4049d666f1d0d745fdbb71387d18d0c1aafad038
- name: github.com/silsuer/bingo-router
  version: e12e43b35884c80bc97e890fa7c66327b031f081
- name: github.com/urfave/cli
  version: cfb38830724cc34fedffe9a2a29fb54fa9169cd1
testImports: []
